
Microsoft Visual Studio Solution File, Format Version 12.00
# Visual Studio 15
VisualStudioVersion = 15.0.28307.1022
MinimumVisualStudioVersion = 10.0.40219.1
Project("{9A19103F-16F7-4668-BE54-9A1E7A4F7556}") = "HelloWorldMVC", "HelloWorldMVC\HelloWorldMVC.csproj", "{AEC3C50C-B5E0-4E70-ACC0-FFAC2F583B11}"
EndProject
Global
	GlobalSection(SolutionConfigurationPlatforms) = preSolution
		Debug|Any CPU = Debug|Any CPU
		Release|Any CPU = Release|Any CPU
	EndGlobalSection
	GlobalSection(ProjectConfigurationPlatforms) = postSolution
		{AEC3C50C-B5E0-4E70-ACC0-FFAC2F583B11}.Debug|Any CPU.ActiveCfg = Debug|Any CPU
		{AEC3C50C-B5E0-4E70-ACC0-FFAC2F583B11}.Debug|Any CPU.Build.0 = Debug|Any CPU
		{AEC3C50C-B5E0-4E70-ACC0-FFAC2F583B11}.Release|Any CPU.ActiveCfg = Release|Any CPU
		{AEC3C50C-B5E0-4E70-ACC0-FFAC2F583B11}.Release|Any CPU.Build.0 = Release|Any CPU
	EndGlobalSection
	GlobalSection(SolutionProperties) = preSolution
		HideSolutionNode = FALSE
	EndGlobalSection
	GlobalSection(ExtensibilityGlobals) = postSolution
		SolutionGuid = {4F433155-C709-4B58-AB8D-86D1003D9557}
	EndGlobalSection
EndGlobal
